// !$*UTF8*$!
{
	archiveVersion = 1;
	classes = {
	};
	objectVersion = 50;
	objects = {

/* Begin PBXBuildFile section */
		4B1BB96E25106B11000EF7AF /* PaintDetailViewController.swift in Sources */ = {isa = PBXBuildFile; fileRef = 4B1BB96D25106B11000EF7AF /* PaintDetailViewController.swift */; };
		4B78EE8825105771000CFCFF /* AppDelegate.swift in Sources */ = {isa = PBXBuildFile; fileRef = 4B78EE8725105771000CFCFF /* AppDelegate.swift */; };
		4B78EE8F25105773000CFCFF /* Assets.xcassets in Resources */ = {isa = PBXBuildFile; fileRef = 4B78EE8E25105773000CFCFF /* Assets.xcassets */; };
		4B78EE9225105773000CFCFF /* LaunchScreen.storyboard in Resources */ = {isa = PBXBuildFile; fileRef = 4B78EE9025105773000CFCFF /* LaunchScreen.storyboard */; };
		4B78EE9D25105773000CFCFF /* Paint_RecommendTests.swift in Sources */ = {isa = PBXBuildFile; fileRef = 4B78EE9C25105773000CFCFF /* Paint_RecommendTests.swift */; };
		4B78EEA825105773000CFCFF /* Paint_RecommendUITests.swift in Sources */ = {isa = PBXBuildFile; fileRef = 4B78EEA725105773000CFCFF /* Paint_RecommendUITests.swift */; };
		4B78EEB6251059EE000CFCFF /* PaintCollectionViewController.swift in Sources */ = {isa = PBXBuildFile; fileRef = 4B78EEB5251059EE000CFCFF /* PaintCollectionViewController.swift */; };
/* End PBXBuildFile section */

/* Begin PBXContainerItemProxy section */
		4B78EE9925105773000CFCFF /* PBXContainerItemProxy */ = {
			isa = PBXContainerItemProxy;
			containerPortal = 4B78EE7C25105771000CFCFF /* Project object */;
			proxyType = 1;
			remoteGlobalIDString = 4B78EE8325105771000CFCFF;
			remoteInfo = Paint_Recommend;
		};
		4B78EEA425105773000CFCFF /* PBXContainerItemProxy */ = {
			isa = PBXContainerItemProxy;
			containerPortal = 4B78EE7C25105771000CFCFF /* Project object */;
			proxyType = 1;
			remoteGlobalIDString = 4B78EE8325105771000CFCFF;
			remoteInfo = Paint_Recommend;
		};
/* End PBXContainerItemProxy section */

/* Begin PBXFileReference section */
		4B1BB96D25106B11000EF7AF /* PaintDetailViewController.swift */ = {isa = PBXFileReference; lastKnownFileType = sourcecode.swift; path = PaintDetailViewController.swift; sourceTree = "<group>"; };
		4B78EE8425105771000CFCFF /* Paint_Recommend.app */ = {isa = PBXFileReference; explicitFileType = wrapper.application; includeInIndex = 0; path = Paint_Recommend.app; sourceTree = BUILT_PRODUCTS_DIR; };
		4B78EE8725105771000CFCFF /* AppDelegate.swift */ = {isa = PBXFileReference; lastKnownFileType = sourcecode.swift; path = AppDelegate.swift; sourceTree = "<group>"; };
		4B78EE8E25105773000CFCFF /* Assets.xcassets */ = {isa = PBXFileReference; lastKnownFileType = folder.assetcatalog; path = Assets.xcassets; sourceTree = "<group>"; };
		4B78EE9125105773000CFCFF /* Base */ = {isa = PBXFileReference; lastKnownFileType = file.storyboard; name = Base; path = Base.lproj/LaunchScreen.storyboard; sourceTree = "<group>"; };
		4B78EE9325105773000CFCFF /* Info.plist */ = {isa = PBXFileReference; lastKnownFileType = text.plist.xml; path = Info.plist; sourceTree = "<group>"; };
		4B78EE9825105773000CFCFF /* Paint_RecommendTests.xctest */ = {isa = PBXFileReference; explicitFileType = wrapper.cfbundle; includeInIndex = 0; path = Paint_RecommendTests.xctest; sourceTree = BUILT_PRODUCTS_DIR; };
		4B78EE9C25105773000CFCFF /* Paint_RecommendTests.swift */ = {isa = PBXFileReference; lastKnownFileType = sourcecode.swift; path = Paint_RecommendTests.swift; sourceTree = "<group>"; };
		4B78EE9E25105773000CFCFF /* Info.plist */ = {isa = PBXFileReference; lastKnownFileType = text.plist.xml; path = Info.plist; sourceTree = "<group>"; };
		4B78EEA325105773000CFCFF /* Paint_RecommendUITests.xctest */ = {isa = PBXFileReference; explicitFileType = wrapper.cfbundle; includeInIndex = 0; path = Paint_RecommendUITests.xctest; sourceTree = BUILT_PRODUCTS_DIR; };
		4B78EEA725105773000CFCFF /* Paint_RecommendUITests.swift */ = {isa = PBXFileReference; lastKnownFileType = sourcecode.swift; path = Paint_RecommendUITests.swift; sourceTree = "<group>"; };
		4B78EEA925105773000CFCFF /* Info.plist */ = {isa = PBXFileReference; lastKnownFileType = text.plist.xml; path = Info.plist; sourceTree = "<group>"; };
		4B78EEB5251059EE000CFCFF /* PaintCollectionViewController.swift */ = {isa = PBXFileReference; lastKnownFileType = sourcecode.swift; path = PaintCollectionViewController.swift; sourceTree = "<group>"; };
/* End PBXFileReference section */

/* Begin PBXFrameworksBuildPhase section */
		4B78EE8125105771000CFCFF /* Frameworks */ = {
			isa = PBXFrameworksBuildPhase;
			buildActionMask = 2147483647;
			files = (
			);
			runOnlyForDeploymentPostprocessing = 0;
		};
		4B78EE9525105773000CFCFF /* Frameworks */ = {
			isa = PBXFrameworksBuildPhase;
			buildActionMask = 2147483647;
			files = (
			);
			runOnlyForDeploymentPostprocessing = 0;
		};
		4B78EEA025105773000CFCFF /* Frameworks */ = {
			isa = PBXFrameworksBuildPhase;
			buildActionMask = 2147483647;
			files = (
			);
			runOnlyForDeploymentPostprocessing = 0;
		};
/* End PBXFrameworksBuildPhase section */

/* Begin PBXGroup section */
		4B78EE7B25105771000CFCFF = {
			isa = PBXGroup;
			children = (
				4B78EE8625105771000CFCFF /* Paint_Recommend */,
				4B78EE9B25105773000CFCFF /* Paint_RecommendTests */,
				4B78EEA625105773000CFCFF /* Paint_RecommendUITests */,
				4B78EE8525105771000CFCFF /* Products */,
			);
			sourceTree = "<group>";
		};
		4B78EE8525105771000CFCFF /* Products */ = {
			isa = PBXGroup;
			children = (
				4B78EE8425105771000CFCFF /* Paint_Recommend.app */,
				4B78EE9825105773000CFCFF /* Paint_RecommendTests.xctest */,
				4B78EEA325105773000CFCFF /* Paint_RecommendUITests.xctest */,
			);
			name = Products;
			sourceTree = "<group>";
		};
		4B78EE8625105771000CFCFF /* Paint_Recommend */ = {
			isa = PBXGroup;
			children = (
				4B78EE8725105771000CFCFF /* AppDelegate.swift */,
				4B78EEB5251059EE000CFCFF /* PaintCollectionViewController.swift */,
				4B1BB96D25106B11000EF7AF /* PaintDetailViewController.swift */,
				4B78EE8E25105773000CFCFF /* Assets.xcassets */,
				4B78EE9025105773000CFCFF /* LaunchScreen.storyboard */,
				4B78EE9325105773000CFCFF /* Info.plist */,
			);
			path = Paint_Recommend;
			sourceTree = "<group>";
		};
		4B78EE9B25105773000CFCFF /* Paint_RecommendTests */ = {
			isa = PBXGroup;
			children = (
				4B78EE9C25105773000CFCFF /* Paint_RecommendTests.swift */,
				4B78EE9E25105773000CFCFF /* Info.plist */,
			);
			path = Paint_RecommendTests;
			sourceTree = "<group>";
		};
		4B78EEA625105773000CFCFF /* Paint_RecommendUITests */ = {
			isa = PBXGroup;
			children = (
				4B78EEA725105773000CFCFF /* Paint_RecommendUITests.swift */,
				4B78EEA925105773000CFCFF /* Info.plist */,
			);
			path = Paint_RecommendUITests;
			sourceTree = "<group>";
		};
/* End PBXGroup section */

/* Begin PBXNativeTarget section */
		4B78EE8325105771000CFCFF /* Paint_Recommend */ = {
			isa = PBXNativeTarget;
			buildConfigurationList = 4B78EEAC25105773000CFCFF /* Build configuration list for PBXNativeTarget "Paint_Recommend" */;
			buildPhases = (
				4B78EE8025105771000CFCFF /* Sources */,
				4B78EE8125105771000CFCFF /* Frameworks */,
				4B78EE8225105771000CFCFF /* Resources */,
			);
			buildRules = (
			);
			dependencies = (
			);
			name = Paint_Recommend;
			productName = Paint_Recommend;
			productReference = 4B78EE8425105771000CFCFF /* Paint_Recommend.app */;
			productType = "com.apple.product-type.application";
		};
		4B78EE9725105773000CFCFF /* Paint_RecommendTests */ = {
			isa = PBXNativeTarget;
			buildConfigurationList = 4B78EEAF25105773000CFCFF /* Build configuration list for PBXNativeTarget "Paint_RecommendTests" */;
			buildPhases = (
				4B78EE9425105773000CFCFF /* Sources */,
				4B78EE9525105773000CFCFF /* Frameworks */,
				4B78EE9625105773000CFCFF /* Resources */,
			);
			buildRules = (
			);
			dependencies = (
				4B78EE9A25105773000CFCFF /* PBXTargetDependency */,
			);
			name = Paint_RecommendTests;
			productName = Paint_RecommendTests;
			productReference = 4B78EE9825105773000CFCFF /* Paint_RecommendTests.xctest */;
			productType = "com.apple.product-type.bundle.unit-test";
		};
		4B78EEA225105773000CFCFF /* Paint_RecommendUITests */ = {
			isa = PBXNativeTarget;
			buildConfigurationList = 4B78EEB225105773000CFCFF /* Build configuration list for PBXNativeTarget "Paint_RecommendUITests" */;
			buildPhases = (
				4B78EE9F25105773000CFCFF /* Sources */,
				4B78EEA025105773000CFCFF /* Frameworks */,
				4B78EEA125105773000CFCFF /* Resources */,
			);
			buildRules = (
			);
			dependencies = (
				4B78EEA525105773000CFCFF /* PBXTargetDependency */,
			);
			name = Paint_RecommendUITests;
			productName = Paint_RecommendUITests;
			productReference = 4B78EEA325105773000CFCFF /* Paint_RecommendUITests.xctest */;
			productType = "com.apple.product-type.bundle.ui-testing";
		};
/* End PBXNativeTarget section */

/* Begin PBXProject section */
		4B78EE7C25105771000CFCFF /* Project object */ = {
			isa = PBXProject;
			attributes = {
				LastSwiftUpdateCheck = 1030;
				LastUpgradeCheck = 1030;
				ORGANIZATIONNAME = "山口瑞歩";
				TargetAttributes = {
					4B78EE8325105771000CFCFF = {
						CreatedOnToolsVersion = 10.3;
					};
					4B78EE9725105773000CFCFF = {
						CreatedOnToolsVersion = 10.3;
						TestTargetID = 4B78EE8325105771000CFCFF;
					};
					4B78EEA225105773000CFCFF = {
						CreatedOnToolsVersion = 10.3;
						TestTargetID = 4B78EE8325105771000CFCFF;
					};
				};
			};
			buildConfigurationList = 4B78EE7F25105771000CFCFF /* Build configuration list for PBXProject "Paint_Recommend" */;
			compatibilityVersion = "Xcode 9.3";
			developmentRegion = en;
			hasScannedForEncodings = 0;
			knownRegions = (
				en,
				Base,
			);
			mainGroup = 4B78EE7B25105771000CFCFF;
			productRefGroup = 4B78EE8525105771000CFCFF /* Products */;
			projectDirPath = "";
			projectRoot = "";
			targets = (
				4B78EE8325105771000CFCFF /* Paint_Recommend */,
				4B78EE9725105773000CFCFF /* Paint_RecommendTests */,
				4B78EEA225105773000CFCFF /* Paint_RecommendUITests */,
			);
		};
/* End PBXProject section */

/* Begin PBXResourcesBuildPhase section */
		4B78EE8225105771000CFCFF /* Resources */ = {
			isa = PBXResourcesBuildPhase;
			buildActionMask = 2147483647;
			files = (
				4B78EE9225105773000CFCFF /* LaunchScreen.storyboard in Resources */,
				4B78EE8F25105773000CFCFF /* Assets.xcassets in Resources */,
			);
			runOnlyForDeploymentPostprocessing = 0;
		};
		4B78EE9625105773000CFCFF /* Resources */ = {
			isa = PBXResourcesBuildPhase;
			buildActionMask = 2147483647;
			files = (
			);
			runOnlyForDeploymentPostprocessing = 0;
		};
		4B78EEA125105773000CFCFF /* Resources */ = {
			isa = PBXResourcesBuildPhase;
			buildActionMask = 2147483647;
			files = (
			);
			runOnlyForDeploymentPostprocessing = 0;
		};
/* End PBXResourcesBuildPhase section */

/* Begin PBXSourcesBuildPhase section */
		4B78EE8025105771000CFCFF /* Sources */ = {
			isa = PBXSourcesBuildPhase;
			buildActionMask = 2147483647;
			files = (
				4B78EE8825105771000CFCFF /* AppDelegate.swift in Sources */,
				4B78EEB6251059EE000CFCFF /* PaintCollectionViewController.swift in Sources */,
				4B1BB96E25106B11000EF7AF /* PaintDetailViewController.swift in Sources */,
			);
			runOnlyForDeploymentPostprocessing = 0;
		};
		4B78EE9425105773000CFCFF /* Sources */ = {
			isa = PBXSourcesBuildPhase;
			buildActionMask = 2147483647;
			files = (
				4B78EE9D25105773000CFCFF /* Paint_RecommendTests.swift in Sources */,
			);
			runOnlyForDeploymentPostprocessing = 0;
		};
		4B78EE9F25105773000CFCFF /* Sources */ = {
			isa = PBXSourcesBuildPhase;
			buildActionMask = 2147483647;
			files = (
				4B78EEA825105773000CFCFF /* Paint_RecommendUITests.swift in Sources */,
			);
			runOnlyForDeploymentPostprocessing = 0;
		};
/* End PBXSourcesBuildPhase section */

/* Begin PBXTargetDependency section */
		4B78EE9A25105773000CFCFF /* PBXTargetDependency */ = {
			isa = PBXTargetDependency;
			target = 4B78EE8325105771000CFCFF /* Paint_Recommend */;
			targetProxy = 4B78EE9925105773000CFCFF /* PBXContainerItemProxy */;
		};
		4B78EEA525105773000CFCFF /* PBXTargetDependency */ = {
			isa = PBXTargetDependency;
			target = 4B78EE8325105771000CFCFF /* Paint_Recommend */;
			targetProxy = 4B78EEA425105773000CFCFF /* PBXContainerItemProxy */;
		};
/* End PBXTargetDependency section */

/* Begin PBXVariantGroup section */
		4B78EE9025105773000CFCFF /* LaunchScreen.storyboard */ = {
			isa = PBXVariantGroup;
			children = (
				4B78EE9125105773000CFCFF /* Base */,
			);
			name = LaunchScreen.storyboard;
			sourceTree = "<group>";
		};
/* End PBXVariantGroup section */

/* Begin XCBuildConfiguration section */
		4B78EEAA25105773000CFCFF /* Debug */ = {
			isa = XCBuildConfiguration;
			buildSettings = {
				ALWAYS_SEARCH_USER_PATHS = NO;
				CLANG_ANALYZER_NONNULL = YES;
				CLANG_ANALYZER_NUMBER_OBJECT_CONVERSION = YES_AGGRESSIVE;
				CLANG_CXX_LANGUAGE_STANDARD = "gnu++14";
				CLANG_CXX_LIBRARY = "libc++";
				CLANG_ENABLE_MODULES = YES;
				CLANG_ENABLE_OBJC_ARC = YES;
				CLANG_ENABLE_OBJC_WEAK = YES;
				CLANG_WARN_BLOCK_CAPTURE_AUTORELEASING = YES;
				CLANG_WARN_BOOL_CONVERSION = YES;
				CLANG_WARN_COMMA = YES;
				CLANG_WARN_CONSTANT_CONVERSION = YES;
				CLANG_WARN_DEPRECATED_OBJC_IMPLEMENTATIONS = YES;
				CLANG_WARN_DIRECT_OBJC_ISA_USAGE = YES_ERROR;
				CLANG_WARN_DOCUMENTATION_COMMENTS = YES;
				CLANG_WARN_EMPTY_BODY = YES;
				CLANG_WARN_ENUM_CONVERSION = YES;
				CLANG_WARN_INFINITE_RECURSION = YES;
				CLANG_WARN_INT_CONVERSION = YES;
				CLANG_WARN_NON_LITERAL_NULL_CONVERSION = YES;
				CLANG_WARN_OBJC_IMPLICIT_RETAIN_SELF = YES;
				CLANG_WARN_OBJC_LITERAL_CONVERSION = YES;
				CLANG_WARN_OBJC_ROOT_CLASS = YES_ERROR;
				CLANG_WARN_RANGE_LOOP_ANALYSIS = YES;
				CLANG_WARN_STRICT_PROTOTYPES = YES;
				CLANG_WARN_SUSPICIOUS_MOVE = YES;
				CLANG_WARN_UNGUARDED_AVAILABILITY = YES_AGGRESSIVE;
				CLANG_WARN_UNREACHABLE_CODE = YES;
				CLANG_WARN__DUPLICATE_METHOD_MATCH = YES;
				CODE_SIGN_IDENTITY = "iPhone Developer";
				COPY_PHASE_STRIP = NO;
				DEBUG_INFORMATION_FORMAT = dwarf;
				ENABLE_STRICT_OBJC_MSGSEND = YES;
				ENABLE_TESTABILITY = YES;
				GCC_C_LANGUAGE_STANDARD = gnu11;
				GCC_DYNAMIC_NO_PIC = NO;
				GCC_NO_COMMON_BLOCKS = YES;
				GCC_OPTIMIZATION_LEVEL = 0;
				GCC_PREPROCESSOR_DEFINITIONS = (
					"DEBUG=1",
					"$(inherited)",
				);
				GCC_WARN_64_TO_32_BIT_CONVERSION = YES;
				GCC_WARN_ABOUT_RETURN_TYPE = YES_ERROR;
				GCC_WARN_UNDECLARED_SELECTOR = YES;
				GCC_WARN_UNINITIALIZED_AUTOS = YES_AGGRESSIVE;
				GCC_WARN_UNUSED_FUNCTION = YES;
				GCC_WARN_UNUSED_VARIABLE = YES;
				IPHONEOS_DEPLOYMENT_TARGET = 12.4;
				MTL_ENABLE_DEBUG_INFO = INCLUDE_SOURCE;
				MTL_FAST_MATH = YES;
				ONLY_ACTIVE_ARCH = YES;
				SDKROOT = iphoneos;
				SWIFT_ACTIVE_COMPILATION_CONDITIONS = DEBUG;
				SWIFT_OPTIMIZATION_LEVEL = "-Onone";
			};
			name = Debug;
		};
		4B78EEAB25105773000CFCFF /* Release */ = {
			isa = XCBuildConfiguration;
			buildSettings = {
				ALWAYS_SEARCH_USER_PATHS = NO;
				CLANG_ANALYZER_NONNULL = YES;
				CLANG_ANALYZER_NUMBER_OBJECT_CONVERSION = YES_AGGRESSIVE;
				CLANG_CXX_LANGUAGE_STANDARD = "gnu++14";
				CLANG_CXX_LIBRARY = "libc++";
				CLANG_ENABLE_MODULES = YES;
				CLANG_ENABLE_OBJC_ARC = YES;
				CLANG_ENABLE_OBJC_WEAK = YES;
				CLANG_WARN_BLOCK_CAPTURE_AUTORELEASING = YES;
				CLANG_WARN_BOOL_CONVERSION = YES;
				CLANG_WARN_COMMA = YES;
				CLANG_WARN_CONSTANT_CONVERSION = YES;
				CLANG_WARN_DEPRECATED_OBJC_IMPLEMENTATIONS = YES;
				CLANG_WARN_DIRECT_OBJC_ISA_USAGE = YES_ERROR;
				CLANG_WARN_DOCUMENTATION_COMMENTS = YES;
				CLANG_WARN_EMPTY_BODY = YES;
				CLANG_WARN_ENUM_CONVERSION = YES;
				CLANG_WARN_INFINITE_RECURSION = YES;
				CLANG_WARN_INT_CONVERSION = YES;
				CLANG_WARN_NON_LITERAL_NULL_CONVERSION = YES;
				CLANG_WARN_OBJC_IMPLICIT_RETAIN_SELF = YES;
				CLANG_WARN_OBJC_LITERAL_CONVERSION = YES;
				CLANG_WARN_OBJC_ROOT_CLASS = YES_ERROR;
				CLANG_WARN_RANGE_LOOP_ANALYSIS = YES;
				CLANG_WARN_STRICT_PROTOTYPES = YES;
				CLANG_WARN_SUSPICIOUS_MOVE = YES;
				CLANG_WARN_UNGUARDED_AVAILABILITY = YES_AGGRESSIVE;
				CLANG_WARN_UNREACHABLE_CODE = YES;
				CLANG_WARN__DUPLICATE_METHOD_MATCH = YES;
				CODE_SIGN_IDENTITY = "iPhone Developer";
				COPY_PHASE_STRIP = NO;
				DEBUG_INFORMATION_FORMAT = "dwarf-with-dsym";
				ENABLE_NS_ASSERTIONS = NO;
				ENABLE_STRICT_OBJC_MSGSEND = YES;
				GCC_C_LANGUAGE_STANDARD = gnu11;
				GCC_NO_COMMON_BLOCKS = YES;
				GCC_WARN_64_TO_32_BIT_CONVERSION = YES;
				GCC_WARN_ABOUT_RETURN_TYPE = YES_ERROR;
				GCC_WARN_UNDECLARED_SELECTOR = YES;
				GCC_WARN_UNINITIALIZED_AUTOS = YES_AGGRESSIVE;
				GCC_WARN_UNUSED_FUNCTION = YES;
				GCC_WARN_UNUSED_VARIABLE = YES;
				IPHONEOS_DEPLOYMENT_TARGET = 12.4;
				MTL_ENABLE_DEBUG_INFO = NO;
				MTL_FAST_MATH = YES;
				SDKROOT = iphoneos;
				SWIFT_COMPILATION_MODE = wholemodule;
				SWIFT_OPTIMIZATION_LEVEL = "-O";
				VALIDATE_PRODUCT = YES;
			};
			name = Release;
		};
		4B78EEAD25105773000CFCFF /* Debug */ = {
			isa = XCBuildConfiguration;
			buildSettings = {
				ASSETCATALOG_COMPILER_APPICON_NAME = AppIcon;
				CODE_SIGN_STYLE = Automatic;
				DEVELOPMENT_TEAM = ZTT77FK5V4;
				INFOPLIST_FILE = Paint_Recommend/Info.plist;
				LD_RUNPATH_SEARCH_PATHS = (
					"$(inherited)",
					"@executable_path/Frameworks",
				);
				PRODUCT_BUNDLE_IDENTIFIER = "mizuho.Paint-Recommend";
				PRODUCT_NAME = "$(TARGET_NAME)";
				SWIFT_VERSION = 5.0;
				TARGETED_DEVICE_FAMILY = "1,2";
			};
			name = Debug;
		};
		4B78EEAE25105773000CFCFF /* Release */ = {
			isa = XCBuildConfiguration;
			buildSettings = {
				ASSETCATALOG_COMPILER_APPICON_NAME = AppIcon;
				CODE_SIGN_STYLE = Automatic;
				DEVELOPMENT_TEAM = ZTT77FK5V4;
				INFOPLIST_FILE = Paint_Recommend/Info.plist;
				LD_RUNPATH_SEARCH_PATHS = (
					"$(inherited)",
					"@executable_path/Frameworks",
				);
				PRODUCT_BUNDLE_IDENTIFIER = "mizuho.Paint-Recommend";
				PRODUCT_NAME = "$(TARGET_NAME)";
				SWIFT_VERSION = 5.0;
				TARGETED_DEVICE_FAMILY = "1,2";
			};
			name = Release;
		};
		4B78EEB025105773000CFCFF /* Debug */ = {
			isa = XCBuildConfiguration;
			buildSettings = {
				ALWAYS_EMBED_SWIFT_STANDARD_LIBRARIES = YES;
				BUNDLE_LOADER = "$(TEST_HOST)";
				CODE_SIGN_STYLE = Automatic;
				DEVELOPMENT_TEAM = ZTT77FK5V4;
				INFOPLIST_FILE = Paint_RecommendTests/Info.plist;
				LD_RUNPATH_SEARCH_PATHS = (
					"$(inherited)",
					"@executable_path/Frameworks",
					"@loader_path/Frameworks",
				);
				PRODUCT_BUNDLE_IDENTIFIER = "mizuho.Paint-RecommendTests";
				PRODUCT_NAME = "$(TARGET_NAME)";
				SWIFT_VERSION = 5.0;
				TARGETED_DEVICE_FAMILY = "1,2";
				TEST_HOST = "$(BUILT_PRODUCTS_DIR)/Paint_Recommend.app/Paint_Recommend";
			};
			name = Debug;
		};
		4B78EEB125105773000CFCFF /* Release */ = {
			isa = XCBuildConfiguration;
			buildSettings = {
				ALWAYS_EMBED_SWIFT_STANDARD_LIBRARIES = YES;
				BUNDLE_LOADER = "$(TEST_HOST)";
				CODE_SIGN_STYLE = Automatic;
				DEVELOPMENT_TEAM = ZTT77FK5V4;
				INFOPLIST_FILE = Paint_RecommendTests/Info.plist;
				LD_RUNPATH_SEARCH_PATHS = (
					"$(inherited)",
					"@executable_path/Frameworks",
					"@loader_path/Frameworks",
				);
				PRODUCT_BUNDLE_IDENTIFIER = "mizuho.Paint-RecommendTests";
				PRODUCT_NAME = "$(TARGET_NAME)";
				SWIFT_VERSION = 5.0;
				TARGETED_DEVICE_FAMILY = "1,2";
				TEST_HOST = "$(BUILT_PRODUCTS_DIR)/Paint_Recommend.app/Paint_Recommend";
			};
			name = Release;
		};
		4B78EEB325105773000CFCFF /* Debug */ = {
			isa = XCBuildConfiguration;
			buildSettings = {
				ALWAYS_EMBED_SWIFT_STANDARD_LIBRARIES = YES;
				CODE_SIGN_STYLE = Automatic;
				DEVELOPMENT_TEAM = ZTT77FK5V4;
				INFOPLIST_FILE = Paint_RecommendUITests/Info.plist;
				LD_RUNPATH_SEARCH_PATHS = (
					"$(inherited)",
					"@executable_path/Frameworks",
					"@loader_path/Frameworks",
				);
				PRODUCT_BUNDLE_IDENTIFIER = "mizuho.Paint-RecommendUITests";
				PRODUCT_NAME = "$(TARGET_NAME)";
				SWIFT_VERSION = 5.0;
				TARGETED_DEVICE_FAMILY = "1,2";
				TEST_TARGET_NAME = Paint_Recommend;
			};
			name = Debug;
		};
		4B78EEB425105773000CFCFF /* Release */ = {
			isa = XCBuildConfiguration;
			buildSettings = {
				ALWAYS_EMBED_SWIFT_STANDARD_LIBRARIES = YES;
				CODE_SIGN_STYLE = Automatic;
				DEVELOPMENT_TEAM = ZTT77FK5V4;
				INFOPLIST_FILE = Paint_RecommendUITests/Info.plist;
				LD_RUNPATH_SEARCH_PATHS = (
					"$(inherited)",
					"@executable_path/Frameworks",
					"@loader_path/Frameworks",
				);
				PRODUCT_BUNDLE_IDENTIFIER = "mizuho.Paint-RecommendUITests";
				PRODUCT_NAME = "$(TARGET_NAME)";
				SWIFT_VERSION = 5.0;
				TARGETED_DEVICE_FAMILY = "1,2";
				TEST_TARGET_NAME = Paint_Recommend;
			};
			name = Release;
		};
/* End XCBuildConfiguration section */

/* Begin XCConfigurationList section */
		4B78EE7F25105771000CFCFF /* Build configuration list for PBXProject "Paint_Recommend" */ = {
			isa = XCConfigurationList;
			buildConfigurations = (
				4B78EEAA25105773000CFCFF /* Debug */,
				4B78EEAB25105773000CFCFF /* Release */,
			);
			defaultConfigurationIsVisible = 0;
			defaultConfigurationName = Release;
		};
		4B78EEAC25105773000CFCFF /* Build configuration list for PBXNativeTarget "Paint_Recommend" */ = {
			isa = XCConfigurationList;
			buildConfigurations = (
				4B78EEAD25105773000CFCFF /* Debug */,
				4B78EEAE25105773000CFCFF /* Release */,
			);
			defaultConfigurationIsVisible = 0;
			defaultConfigurationName = Release;
		};
		4B78EEAF25105773000CFCFF /* Build configuration list for PBXNativeTarget "Paint_RecommendTests" */ = {
			isa = XCConfigurationList;
			buildConfigurations = (
				4B78EEB025105773000CFCFF /* Debug */,
				4B78EEB125105773000CFCFF /* Release */,
			);
			defaultConfigurationIsVisible = 0;
			defaultConfigurationName = Release;
		};
		4B78EEB225105773000CFCFF /* Build configuration list for PBXNativeTarget "Paint_RecommendUITests" */ = {
			isa = XCConfigurationList;
			buildConfigurations = (
				4B78EEB325105773000CFCFF /* Debug */,
				4B78EEB425105773000CFCFF /* Release */,
			);
			defaultConfigurationIsVisible = 0;
			defaultConfigurationName = Release;
		};
/* End XCConfigurationList section */
	};
	rootObject = 4B78EE7C25105771000CFCFF /* Project object */;
}
